
Microsoft Visual Studio Solution File, Format Version 12.00
# Visual Studio 15
VisualStudioVersion = 15.0.27703.2047
MinimumVisualStudioVersion = 10.0.40219.1
Project("{9A19103F-16F7-4668-BE54-9A1E7A4F7556}") = "Restaurante.Domain", "Restaurante.Domain\Restaurante.Domain.csproj", "{B25562C1-8236-46FA-B513-3D9F941746EB}"
EndProject
Project("{9A19103F-16F7-4668-BE54-9A1E7A4F7556}") = "Restaurante.Service", "Restaurante.Service\Restaurante.Service.csproj", "{6AB69D8B-D75D-42CF-BC65-3252411B8C4B}"
EndProject
Project("{9A19103F-16F7-4668-BE54-9A1E7A4F7556}") = "Restaurante.Appication", "Restaurante.Appication\Restaurante.Appication.csproj", "{BC7DB9F2-104A-4367-AFD7-5AC2BE30168A}"
EndProject
Project("{2150E333-8FDC-42A3-9474-1A3956D46DE8}") = "1 - Application", "1 - Application", "{CC4C1A1A-AC34-43C2-828B-1EF604E0EEB8}"
EndProject
Project("{2150E333-8FDC-42A3-9474-1A3956D46DE8}") = "2 - Domain", "2 - Domain", "{4F4F380E-843F-431E-86B1-9B5883683D04}"
EndProject
Project("{2150E333-8FDC-42A3-9474-1A3956D46DE8}") = "3 - Service", "3 - Service", "{467C5480-24BF-42E9-A6E3-40ECB1A2ED0A}"
EndProject
Project("{2150E333-8FDC-42A3-9474-1A3956D46DE8}") = "4 - Infra", "4 - Infra", "{A47BB62D-9249-4EF2-BD10-B55E34947A30}"
EndProject
Project("{9A19103F-16F7-4668-BE54-9A1E7A4F7556}") = "Restaurante.Infrastructure.CrossCutting", "Restaurante.Infrastructure.CrossCutting\Restaurante.Infrastructure.CrossCutting.csproj", "{39FA290F-5AD7-4AA6-BB57-C0897047EEE0}"
EndProject
Project("{FAE04EC0-301F-11D3-BF4B-00C04F79EFBC}") = "Restaurante.Infrastructure.Data", "Restaurante.Infrastructure.Data\Restaurante.Infrastructure.Data.csproj", "{AD53B0E8-ED51-415E-BFAC-5609AB4B1C7F}"
EndProject
Project("{FAE04EC0-301F-11D3-BF4B-00C04F79EFBC}") = "Restaurante.Appication.WebApi", "Restaurante.Appication.WebApi\Restaurante.Appication.WebApi.csproj", "{20C867CD-B757-4EC7-A27B-E8B9F06E14D3}"
EndProject
Project("{2150E333-8FDC-42A3-9474-1A3956D46DE8}") = "4.1 - Package", "4.1 - Package", "{96B9A75C-36ED-4B41-BC19-8756E4A6DA23}"
EndProject
Project("{2150E333-8FDC-42A3-9474-1A3956D46DE8}") = "4.2 - Repository", "4.2 - Repository", "{990CF7B9-B9D4-4067-94CC-FB73C9E66E7A}"
EndProject
Project("{2150E333-8FDC-42A3-9474-1A3956D46DE8}") = "4.3 - Data", "4.3 - Data", "{5212A248-5555-4623-B6C4-D0FB897E28F8}"
EndProject
Project("{FAE04EC0-301F-11D3-BF4B-00C04F79EFBC}") = "Restaurante.Infrastructure.Repository", "Restaurante.Infrastructure.Repository\Restaurante.Infrastructure.Repository.csproj", "{5BF17444-CFD6-4E2F-AC2E-5321B82697F1}"
EndProject
Project("{2150E333-8FDC-42A3-9474-1A3956D46DE8}") = "4.4 - IoC", "4.4 - IoC", "{746A00BD-0530-45F3-8D2E-AADF378E5B95}"
EndProject
Project("{FAE04EC0-301F-11D3-BF4B-00C04F79EFBC}") = "Restaurante.Infrastructure.IoC", "Restaurante.Infrastructure.IoC\Restaurante.Infrastructure.IoC.csproj", "{6DF9FE1A-CCEC-42A9-9274-1C5C49517AC7}"
EndProject
Project("{2150E333-8FDC-42A3-9474-1A3956D46DE8}") = "6 - Lib", "6 - Lib", "{7ED1A8A0-BFB4-4770-8593-7E1A6FCC0D4D}"
EndProject
Project("{FAE04EC0-301F-11D3-BF4B-00C04F79EFBC}") = "Cedro.Lib.Security", "Cedro.Lib.Security\Cedro.Lib.Security.csproj", "{FEC60390-B101-492D-8FEA-0354273FA897}"
EndProject
Project("{2150E333-8FDC-42A3-9474-1A3956D46DE8}") = "6.1 - Security", "6.1 - Security", "{9FD4736C-3D91-4810-AD91-AA246346A44C}"
EndProject
Project("{FAE04EC0-301F-11D3-BF4B-00C04F79EFBC}") = "Restaurante.Infrastructure.Context", "Restaurante.Infrastructure.Context\Restaurante.Infrastructure.Context.csproj", "{7E2EF8B5-B1A7-4106-998A-41CE5E6DCC0F}"
EndProject
Project("{2150E333-8FDC-42A3-9474-1A3956D46DE8}") = "4.5 -Store", "4.5 -Store", "{9B702402-F79C-4B8A-8E4B-32046F295062}"
EndProject
Project("{FAE04EC0-301F-11D3-BF4B-00C04F79EFBC}") = "Restaurante.Infrastructure.Store", "Restaurante.Infrastructure.Store\Restaurante.Infrastructure.Store.csproj", "{AE45D029-7CDF-456F-933C-B869037BCBE9}"
EndProject
Global
	GlobalSection(SolutionConfigurationPlatforms) = preSolution
		Debug|Any CPU = Debug|Any CPU
		Release|Any CPU = Release|Any CPU
	EndGlobalSection
	GlobalSection(ProjectConfigurationPlatforms) = postSolution
		{B25562C1-8236-46FA-B513-3D9F941746EB}.Debug|Any CPU.ActiveCfg = Debug|Any CPU
		{B25562C1-8236-46FA-B513-3D9F941746EB}.Debug|Any CPU.Build.0 = Debug|Any CPU
		{B25562C1-8236-46FA-B513-3D9F941746EB}.Release|Any CPU.ActiveCfg = Release|Any CPU
		{B25562C1-8236-46FA-B513-3D9F941746EB}.Release|Any CPU.Build.0 = Release|Any CPU
		{6AB69D8B-D75D-42CF-BC65-3252411B8C4B}.Debug|Any CPU.ActiveCfg = Debug|Any CPU
		{6AB69D8B-D75D-42CF-BC65-3252411B8C4B}.Debug|Any CPU.Build.0 = Debug|Any CPU
		{6AB69D8B-D75D-42CF-BC65-3252411B8C4B}.Release|Any CPU.ActiveCfg = Release|Any CPU
		{6AB69D8B-D75D-42CF-BC65-3252411B8C4B}.Release|Any CPU.Build.0 = Release|Any CPU
		{BC7DB9F2-104A-4367-AFD7-5AC2BE30168A}.Debug|Any CPU.ActiveCfg = Debug|Any CPU
		{BC7DB9F2-104A-4367-AFD7-5AC2BE30168A}.Debug|Any CPU.Build.0 = Debug|Any CPU
		{BC7DB9F2-104A-4367-AFD7-5AC2BE30168A}.Release|Any CPU.ActiveCfg = Release|Any CPU
		{BC7DB9F2-104A-4367-AFD7-5AC2BE30168A}.Release|Any CPU.Build.0 = Release|Any CPU
		{39FA290F-5AD7-4AA6-BB57-C0897047EEE0}.Debug|Any CPU.ActiveCfg = Debug|Any CPU
		{39FA290F-5AD7-4AA6-BB57-C0897047EEE0}.Debug|Any CPU.Build.0 = Debug|Any CPU
		{39FA290F-5AD7-4AA6-BB57-C0897047EEE0}.Release|Any CPU.ActiveCfg = Release|Any CPU
		{39FA290F-5AD7-4AA6-BB57-C0897047EEE0}.Release|Any CPU.Build.0 = Release|Any CPU
		{AD53B0E8-ED51-415E-BFAC-5609AB4B1C7F}.Debug|Any CPU.ActiveCfg = Debug|Any CPU
		{AD53B0E8-ED51-415E-BFAC-5609AB4B1C7F}.Debug|Any CPU.Build.0 = Debug|Any CPU
		{AD53B0E8-ED51-415E-BFAC-5609AB4B1C7F}.Release|Any CPU.ActiveCfg = Release|Any CPU
		{AD53B0E8-ED51-415E-BFAC-5609AB4B1C7F}.Release|Any CPU.Build.0 = Release|Any CPU
		{20C867CD-B757-4EC7-A27B-E8B9F06E14D3}.Debug|Any CPU.ActiveCfg = Debug|Any CPU
		{20C867CD-B757-4EC7-A27B-E8B9F06E14D3}.Debug|Any CPU.Build.0 = Debug|Any CPU
		{20C867CD-B757-4EC7-A27B-E8B9F06E14D3}.Release|Any CPU.ActiveCfg = Release|Any CPU
		{20C867CD-B757-4EC7-A27B-E8B9F06E14D3}.Release|Any CPU.Build.0 = Release|Any CPU
		{5BF17444-CFD6-4E2F-AC2E-5321B82697F1}.Debug|Any CPU.ActiveCfg = Debug|Any CPU
		{5BF17444-CFD6-4E2F-AC2E-5321B82697F1}.Debug|Any CPU.Build.0 = Debug|Any CPU
		{5BF17444-CFD6-4E2F-AC2E-5321B82697F1}.Release|Any CPU.ActiveCfg = Release|Any CPU
		{5BF17444-CFD6-4E2F-AC2E-5321B82697F1}.Release|Any CPU.Build.0 = Release|Any CPU
		{6DF9FE1A-CCEC-42A9-9274-1C5C49517AC7}.Debug|Any CPU.ActiveCfg = Debug|Any CPU
		{6DF9FE1A-CCEC-42A9-9274-1C5C49517AC7}.Debug|Any CPU.Build.0 = Debug|Any CPU
		{6DF9FE1A-CCEC-42A9-9274-1C5C49517AC7}.Release|Any CPU.ActiveCfg = Release|Any CPU
		{6DF9FE1A-CCEC-42A9-9274-1C5C49517AC7}.Release|Any CPU.Build.0 = Release|Any CPU
		{FEC60390-B101-492D-8FEA-0354273FA897}.Debug|Any CPU.ActiveCfg = Debug|Any CPU
		{FEC60390-B101-492D-8FEA-0354273FA897}.Debug|Any CPU.Build.0 = Debug|Any CPU
		{FEC60390-B101-492D-8FEA-0354273FA897}.Release|Any CPU.ActiveCfg = Release|Any CPU
		{FEC60390-B101-492D-8FEA-0354273FA897}.Release|Any CPU.Build.0 = Release|Any CPU
		{7E2EF8B5-B1A7-4106-998A-41CE5E6DCC0F}.Debug|Any CPU.ActiveCfg = Debug|Any CPU
		{7E2EF8B5-B1A7-4106-998A-41CE5E6DCC0F}.Debug|Any CPU.Build.0 = Debug|Any CPU
		{7E2EF8B5-B1A7-4106-998A-41CE5E6DCC0F}.Release|Any CPU.ActiveCfg = Release|Any CPU
		{7E2EF8B5-B1A7-4106-998A-41CE5E6DCC0F}.Release|Any CPU.Build.0 = Release|Any CPU
		{AE45D029-7CDF-456F-933C-B869037BCBE9}.Debug|Any CPU.ActiveCfg = Debug|Any CPU
		{AE45D029-7CDF-456F-933C-B869037BCBE9}.Debug|Any CPU.Build.0 = Debug|Any CPU
		{AE45D029-7CDF-456F-933C-B869037BCBE9}.Release|Any CPU.ActiveCfg = Release|Any CPU
		{AE45D029-7CDF-456F-933C-B869037BCBE9}.Release|Any CPU.Build.0 = Release|Any CPU
	EndGlobalSection
	GlobalSection(SolutionProperties) = preSolution
		HideSolutionNode = FALSE
	EndGlobalSection
	GlobalSection(NestedProjects) = preSolution
		{B25562C1-8236-46FA-B513-3D9F941746EB} = {4F4F380E-843F-431E-86B1-9B5883683D04}
		{6AB69D8B-D75D-42CF-BC65-3252411B8C4B} = {467C5480-24BF-42E9-A6E3-40ECB1A2ED0A}
		{BC7DB9F2-104A-4367-AFD7-5AC2BE30168A} = {CC4C1A1A-AC34-43C2-828B-1EF604E0EEB8}
		{39FA290F-5AD7-4AA6-BB57-C0897047EEE0} = {96B9A75C-36ED-4B41-BC19-8756E4A6DA23}
		{AD53B0E8-ED51-415E-BFAC-5609AB4B1C7F} = {5212A248-5555-4623-B6C4-D0FB897E28F8}
		{20C867CD-B757-4EC7-A27B-E8B9F06E14D3} = {CC4C1A1A-AC34-43C2-828B-1EF604E0EEB8}
		{96B9A75C-36ED-4B41-BC19-8756E4A6DA23} = {A47BB62D-9249-4EF2-BD10-B55E34947A30}
		{990CF7B9-B9D4-4067-94CC-FB73C9E66E7A} = {A47BB62D-9249-4EF2-BD10-B55E34947A30}
		{5212A248-5555-4623-B6C4-D0FB897E28F8} = {A47BB62D-9249-4EF2-BD10-B55E34947A30}
		{5BF17444-CFD6-4E2F-AC2E-5321B82697F1} = {990CF7B9-B9D4-4067-94CC-FB73C9E66E7A}
		{746A00BD-0530-45F3-8D2E-AADF378E5B95} = {A47BB62D-9249-4EF2-BD10-B55E34947A30}
		{6DF9FE1A-CCEC-42A9-9274-1C5C49517AC7} = {746A00BD-0530-45F3-8D2E-AADF378E5B95}
		{FEC60390-B101-492D-8FEA-0354273FA897} = {9FD4736C-3D91-4810-AD91-AA246346A44C}
		{9FD4736C-3D91-4810-AD91-AA246346A44C} = {7ED1A8A0-BFB4-4770-8593-7E1A6FCC0D4D}
		{7E2EF8B5-B1A7-4106-998A-41CE5E6DCC0F} = {5212A248-5555-4623-B6C4-D0FB897E28F8}
		{9B702402-F79C-4B8A-8E4B-32046F295062} = {A47BB62D-9249-4EF2-BD10-B55E34947A30}
		{AE45D029-7CDF-456F-933C-B869037BCBE9} = {9B702402-F79C-4B8A-8E4B-32046F295062}
	EndGlobalSection
	GlobalSection(ExtensibilityGlobals) = postSolution
		SolutionGuid = {D0518B0B-9832-4569-8B1E-444222832E5A}
	EndGlobalSection
EndGlobal
